
Microsoft Visual Studio Solution File, Format Version 12.00
# Visual Studio Version 17
VisualStudioVersion = 17.4.33403.182
MinimumVisualStudioVersion = 10.0.40219.1
Project("{8BC9CEB8-8B4A-11D0-8D11-00A0C91BC942}") = "演讲比赛流程管理系统", "演讲比赛流程管理系统.vcxproj", "{FCBD2B6A-BE54-4FF3-8B01-D931283BE38D}"
EndProject
Global
	GlobalSection(SolutionConfigurationPlatforms) = preSolution
		Debug|x64 = Debug|x64
		Debug|x86 = Debug|x86
		Release|x64 = Release|x64
		Release|x86 = Release|x86
	EndGlobalSection
	GlobalSection(ProjectConfigurationPlatforms) = postSolution
		{FCBD2B6A-BE54-4FF3-8B01-D931283BE38D}.Debug|x64.ActiveCfg = Debug|x64
		{FCBD2B6A-BE54-4FF3-8B01-D931283BE38D}.Debug|x64.Build.0 = Debug|x64
		{FCBD2B6A-BE54-4FF3-8B01-D931283BE38D}.Debug|x86.ActiveCfg = Debug|Win32
		{FCBD2B6A-BE54-4FF3-8B01-D931283BE38D}.Debug|x86.Build.0 = Debug|Win32
		{FCBD2B6A-BE54-4FF3-8B01-D931283BE38D}.Release|x64.ActiveCfg = Release|x64
		{FCBD2B6A-BE54-4FF3-8B01-D931283BE38D}.Release|x64.Build.0 = Release|x64
		{FCBD2B6A-BE54-4FF3-8B01-D931283BE38D}.Release|x86.ActiveCfg = Release|Win32
		{FCBD2B6A-BE54-4FF3-8B01-D931283BE38D}.Release|x86.Build.0 = Release|Win32
	EndGlobalSection
	GlobalSection(SolutionProperties) = preSolution
		HideSolutionNode = FALSE
	EndGlobalSection
	GlobalSection(ExtensibilityGlobals) = postSolution
		SolutionGuid = {5DEC2F97-481F-451A-BE3F-CE86456C07A9}
	EndGlobalSection
EndGlobal
