
Microsoft Visual Studio Solution File, Format Version 12.00
# Visual Studio Version 17
VisualStudioVersion = 17.4.33213.308
MinimumVisualStudioVersion = 10.0.40219.1
Project("{8BC9CEB8-8B4A-11D0-8D11-00A0C91BC942}") = "STL案例-评委打分", "STL案例-评委打分.vcxproj", "{91626E61-6DE5-445B-A6C1-32D6971E9009}"
EndProject
Global
	GlobalSection(SolutionConfigurationPlatforms) = preSolution
		Debug|x64 = Debug|x64
		Debug|x86 = Debug|x86
		Release|x64 = Release|x64
		Release|x86 = Release|x86
	EndGlobalSection
	GlobalSection(ProjectConfigurationPlatforms) = postSolution
		{91626E61-6DE5-445B-A6C1-32D6971E9009}.Debug|x64.ActiveCfg = Debug|x64
		{91626E61-6DE5-445B-A6C1-32D6971E9009}.Debug|x64.Build.0 = Debug|x64
		{91626E61-6DE5-445B-A6C1-32D6971E9009}.Debug|x86.ActiveCfg = Debug|Win32
		{91626E61-6DE5-445B-A6C1-32D6971E9009}.Debug|x86.Build.0 = Debug|Win32
		{91626E61-6DE5-445B-A6C1-32D6971E9009}.Release|x64.ActiveCfg = Release|x64
		{91626E61-6DE5-445B-A6C1-32D6971E9009}.Release|x64.Build.0 = Release|x64
		{91626E61-6DE5-445B-A6C1-32D6971E9009}.Release|x86.ActiveCfg = Release|Win32
		{91626E61-6DE5-445B-A6C1-32D6971E9009}.Release|x86.Build.0 = Release|Win32
	EndGlobalSection
	GlobalSection(SolutionProperties) = preSolution
		HideSolutionNode = FALSE
	EndGlobalSection
	GlobalSection(ExtensibilityGlobals) = postSolution
		SolutionGuid = {C49CE33B-58CF-44C7-BA4E-E4D1A2A604B2}
	EndGlobalSection
EndGlobal
